{
    "_readme": [
        "This file locks the dependencies of your project to a known state",
        "Read more about it at http://getcomposer.org/doc/01-basic-usage.md#composer-lock-the-lock-file",
        "This file is @generated automatically"
    ],
    "hash": "0ea49a710d47f30fecab2fe1899cf3b7",
    "packages": [
        {
            "name": "abraham/twitteroauth",
            "version": "0.5.2",
            "source": {
                "type": "git",
                "url": "https://github.com/abraham/twitteroauth.git",
                "reference": "040a2ebe76dc836e5edab83e7f036897a8715785"
            },
            "dist": {
                "type": "zip",
                "url": "https://api.github.com/repos/abraham/twitteroauth/zipball/040a2ebe76dc836e5edab83e7f036897a8715785",
                "reference": "040a2ebe76dc836e5edab83e7f036897a8715785",
                "shasum": ""
            },
            "require": {
                "ext-curl": "*",
                "php": ">=5.4.0"
            },
            "require-dev": {
                "phpmd/phpmd": "2.*",
                "phpunit/phpunit": "4.*",
                "squizlabs/php_codesniffer": "2.*"
            },
            "type": "library",
            "autoload": {
                "psr-4": {
                    "Abraham\\TwitterOAuth\\": "src"
                }
            },
            "notification-url": "https://packagist.org/downloads/",
            "license": [
                "MIT"
            ],
            "authors": [
                {
                    "name": "Abraham Williams",
                    "email": "abraham@abrah.am",
                    "homepage": "https://abrah.am",
                    "role": "Developer"
                }
            ],
            "description": "The most popular PHP library for use with the Twitter OAuth REST API.",
            "homepage": "https://twitteroauth.com",
            "keywords": [
                "Twitter API",
                "Twitter oAuth",
                "api",
                "oauth",
                "rest",
                "social",
                "twitter"
            ],
            "time": "2015-03-19 05:51:18"
        },
        {
            "name": "cosenary/simple-php-cache",
            "version": "dev-master",
            "source": {
                "type": "git",
                "url": "https://github.com/cosenary/Simple-PHP-Cache.git",
                "reference": "39607c9307b32248bae2fd6a945183c7249156da"
            },
            "dist": {
                "type": "zip",
                "url": "https://api.github.com/repos/cosenary/Simple-PHP-Cache/zipball/39607c9307b32248bae2fd6a945183c7249156da",
                "reference": "39607c9307b32248bae2fd6a945183c7249156da",
                "shasum": ""
            },
            "require": {
                "ext-curl": "*",
                "php": ">=5.2.0"
            },
            "type": "library",
            "autoload": {
                "classmap": [
                    "."
                ]
            },
            "notification-url": "https://packagist.org/downloads/",
            "license": [
                "BSD"
            ],
            "authors": [
                {
                    "name": "Christian Metz",
                    "email": "christian-metz1@gmx.net",
                    "homepage": "http://metzweb.net"
                }
            ],
            "description": "A light, simple but powerful PHP5 Cache Class which uses the filesystem for caching.",
            "homepage": "https://github.com/cosenary/Simple-PHP-Cache",
            "keywords": [
                "Simple",
                "cache",
                "filesystem",
                "json"
            ],
            "time": "2015-01-03 18:28:23"
        }
    ],
    "packages-dev": [],
    "aliases": [],
    "minimum-stability": "stable",
    "stability-flags": {
        "cosenary/simple-php-cache": 20
    },
    "prefer-stable": false,
    "prefer-lowest": false,
    "platform": {
        "php": ">=5.4.0"
    },
    "platform-dev": []
}
